// !$*UTF8*$!
{
	archiveVersion = 1;
	classes = {
	};
	objectVersion = 56;
	objects = {

/* Begin PBXBuildFile section */
		7063A41729675968007B8B46 /* AppDelegate.swift in Sources */ = {isa = PBXBuildFile; fileRef = 7063A41629675968007B8B46 /* AppDelegate.swift */; };
		7063A41929675968007B8B46 /* SceneDelegate.swift in Sources */ = {isa = PBXBuildFile; fileRef = 7063A41829675968007B8B46 /* SceneDelegate.swift */; };
		7063A41B29675968007B8B46 /* RMEpisodesViewController.swift in Sources */ = {isa = PBXBuildFile; fileRef = 7063A41A29675968007B8B46 /* RMEpisodesViewController.swift */; };
		7063A42129675968007B8B46 /* RicknMortyProject.xcdatamodeld in Sources */ = {isa = PBXBuildFile; fileRef = 7063A41F29675968007B8B46 /* RicknMortyProject.xcdatamodeld */; };
		7063A42329675969007B8B46 /* Assets.xcassets in Resources */ = {isa = PBXBuildFile; fileRef = 7063A42229675969007B8B46 /* Assets.xcassets */; };
		7063A42629675969007B8B46 /* LaunchScreen.storyboard in Resources */ = {isa = PBXBuildFile; fileRef = 7063A42429675969007B8B46 /* LaunchScreen.storyboard */; };
		7063A43529675AB1007B8B46 /* RMTabBarController.swift in Sources */ = {isa = PBXBuildFile; fileRef = 7063A43429675AB1007B8B46 /* RMTabBarController.swift */; };
		7063A43729675B94007B8B46 /* RMCharacterViewController.swift in Sources */ = {isa = PBXBuildFile; fileRef = 7063A43629675B94007B8B46 /* RMCharacterViewController.swift */; };
		7063A43929675BA3007B8B46 /* RMLocationsViewController.swift in Sources */ = {isa = PBXBuildFile; fileRef = 7063A43829675BA3007B8B46 /* RMLocationsViewController.swift */; };
		7063A43B29675BB1007B8B46 /* RMSettingsViewController.swift in Sources */ = {isa = PBXBuildFile; fileRef = 7063A43A29675BB1007B8B46 /* RMSettingsViewController.swift */; };
		7063A43D29675BEF007B8B46 /* Episode.swift in Sources */ = {isa = PBXBuildFile; fileRef = 7063A43C29675BEF007B8B46 /* Episode.swift */; };
		7063A43F29675BFB007B8B46 /* Character.swift in Sources */ = {isa = PBXBuildFile; fileRef = 7063A43E29675BFB007B8B46 /* Character.swift */; };
		7063A44129675C05007B8B46 /* Location.swift in Sources */ = {isa = PBXBuildFile; fileRef = 7063A44029675C05007B8B46 /* Location.swift */; };
/* End PBXBuildFile section */

/* Begin PBXFileReference section */
		7063A41329675968007B8B46 /* RicknMortyProject.app */ = {isa = PBXFileReference; explicitFileType = wrapper.application; includeInIndex = 0; path = RicknMortyProject.app; sourceTree = BUILT_PRODUCTS_DIR; };
		7063A41629675968007B8B46 /* AppDelegate.swift */ = {isa = PBXFileReference; lastKnownFileType = sourcecode.swift; path = AppDelegate.swift; sourceTree = "<group>"; };
		7063A41829675968007B8B46 /* SceneDelegate.swift */ = {isa = PBXFileReference; lastKnownFileType = sourcecode.swift; path = SceneDelegate.swift; sourceTree = "<group>"; };
		7063A41A29675968007B8B46 /* RMEpisodesViewController.swift */ = {isa = PBXFileReference; lastKnownFileType = sourcecode.swift; path = RMEpisodesViewController.swift; sourceTree = "<group>"; };
		7063A42029675968007B8B46 /* RicknMortyProject.xcdatamodel */ = {isa = PBXFileReference; lastKnownFileType = wrapper.xcdatamodel; path = RicknMortyProject.xcdatamodel; sourceTree = "<group>"; };
		7063A42229675969007B8B46 /* Assets.xcassets */ = {isa = PBXFileReference; lastKnownFileType = folder.assetcatalog; path = Assets.xcassets; sourceTree = "<group>"; };
		7063A42529675969007B8B46 /* Base */ = {isa = PBXFileReference; lastKnownFileType = file.storyboard; name = Base; path = Base.lproj/LaunchScreen.storyboard; sourceTree = "<group>"; };
		7063A42729675969007B8B46 /* Info.plist */ = {isa = PBXFileReference; lastKnownFileType = text.plist.xml; path = Info.plist; sourceTree = "<group>"; };
		7063A43429675AB1007B8B46 /* RMTabBarController.swift */ = {isa = PBXFileReference; lastKnownFileType = sourcecode.swift; path = RMTabBarController.swift; sourceTree = "<group>"; };
		7063A43629675B94007B8B46 /* RMCharacterViewController.swift */ = {isa = PBXFileReference; lastKnownFileType = sourcecode.swift; path = RMCharacterViewController.swift; sourceTree = "<group>"; };
		7063A43829675BA3007B8B46 /* RMLocationsViewController.swift */ = {isa = PBXFileReference; lastKnownFileType = sourcecode.swift; path = RMLocationsViewController.swift; sourceTree = "<group>"; };
		7063A43A29675BB1007B8B46 /* RMSettingsViewController.swift */ = {isa = PBXFileReference; lastKnownFileType = sourcecode.swift; path = RMSettingsViewController.swift; sourceTree = "<group>"; };
		7063A43C29675BEF007B8B46 /* Episode.swift */ = {isa = PBXFileReference; lastKnownFileType = sourcecode.swift; path = Episode.swift; sourceTree = "<group>"; };
		7063A43E29675BFB007B8B46 /* Character.swift */ = {isa = PBXFileReference; lastKnownFileType = sourcecode.swift; path = Character.swift; sourceTree = "<group>"; };
		7063A44029675C05007B8B46 /* Location.swift */ = {isa = PBXFileReference; lastKnownFileType = sourcecode.swift; path = Location.swift; sourceTree = "<group>"; };
/* End PBXFileReference section */

/* Begin PBXFrameworksBuildPhase section */
		7063A41029675968007B8B46 /* Frameworks */ = {
			isa = PBXFrameworksBuildPhase;
			buildActionMask = 2147483647;
			files = (
			);
			runOnlyForDeploymentPostprocessing = 0;
		};
/* End PBXFrameworksBuildPhase section */

/* Begin PBXGroup section */
		7063A40A29675968007B8B46 = {
			isa = PBXGroup;
			children = (
				7063A41529675968007B8B46 /* RicknMortyProject */,
				7063A41429675968007B8B46 /* Products */,
			);
			sourceTree = "<group>";
		};
		7063A41429675968007B8B46 /* Products */ = {
			isa = PBXGroup;
			children = (
				7063A41329675968007B8B46 /* RicknMortyProject.app */,
			);
			name = Products;
			sourceTree = "<group>";
		};
		7063A41529675968007B8B46 /* RicknMortyProject */ = {
			isa = PBXGroup;
			children = (
				7063A43329675A84007B8B46 /* Resources */,
				7063A43229675A7F007B8B46 /* Managers */,
				7063A43129675A77007B8B46 /* APIClient */,
				7063A43029675A72007B8B46 /* ViewModels */,
				7063A42F29675A6E007B8B46 /* Views */,
				7063A42E29675A67007B8B46 /* Models */,
				7063A42D29675A3E007B8B46 /* Controllers */,
				7063A42729675969007B8B46 /* Info.plist */,
				7063A41F29675968007B8B46 /* RicknMortyProject.xcdatamodeld */,
			);
			path = RicknMortyProject;
			sourceTree = "<group>";
		};
		7063A42D29675A3E007B8B46 /* Controllers */ = {
			isa = PBXGroup;
			children = (
				7063A43429675AB1007B8B46 /* RMTabBarController.swift */,
				7063A41A29675968007B8B46 /* RMEpisodesViewController.swift */,
				7063A43629675B94007B8B46 /* RMCharacterViewController.swift */,
				7063A43829675BA3007B8B46 /* RMLocationsViewController.swift */,
				7063A43A29675BB1007B8B46 /* RMSettingsViewController.swift */,
			);
			path = Controllers;
			sourceTree = "<group>";
		};
		7063A42E29675A67007B8B46 /* Models */ = {
			isa = PBXGroup;
			children = (
				7063A43C29675BEF007B8B46 /* Episode.swift */,
				7063A43E29675BFB007B8B46 /* Character.swift */,
				7063A44029675C05007B8B46 /* Location.swift */,
			);
			path = Models;
			sourceTree = "<group>";
		};
		7063A42F29675A6E007B8B46 /* Views */ = {
			isa = PBXGroup;
			children = (
			);
			path = Views;
			sourceTree = "<group>";
		};
		7063A43029675A72007B8B46 /* ViewModels */ = {
			isa = PBXGroup;
			children = (
			);
			path = ViewModels;
			sourceTree = "<group>";
		};
		7063A43129675A77007B8B46 /* APIClient */ = {
			isa = PBXGroup;
			children = (
			);
			path = APIClient;
			sourceTree = "<group>";
		};
		7063A43229675A7F007B8B46 /* Managers */ = {
			isa = PBXGroup;
			children = (
			);
			path = Managers;
			sourceTree = "<group>";
		};
		7063A43329675A84007B8B46 /* Resources */ = {
			isa = PBXGroup;
			children = (
				7063A41629675968007B8B46 /* AppDelegate.swift */,
				7063A41829675968007B8B46 /* SceneDelegate.swift */,
				7063A42229675969007B8B46 /* Assets.xcassets */,
				7063A42429675969007B8B46 /* LaunchScreen.storyboard */,
			);
			path = Resources;
			sourceTree = "<group>";
		};
/* End PBXGroup section */

/* Begin PBXNativeTarget section */
		7063A41229675968007B8B46 /* RicknMortyProject */ = {
			isa = PBXNativeTarget;
			buildConfigurationList = 7063A42A29675969007B8B46 /* Build configuration list for PBXNativeTarget "RicknMortyProject" */;
			buildPhases = (
				7063A40F29675968007B8B46 /* Sources */,
				7063A41029675968007B8B46 /* Frameworks */,
				7063A41129675968007B8B46 /* Resources */,
			);
			buildRules = (
			);
			dependencies = (
			);
			name = RicknMortyProject;
			productName = RicknMortyProject;
			productReference = 7063A41329675968007B8B46 /* RicknMortyProject.app */;
			productType = "com.apple.product-type.application";
		};
/* End PBXNativeTarget section */

/* Begin PBXProject section */
		7063A40B29675968007B8B46 /* Project object */ = {
			isa = PBXProject;
			attributes = {
				BuildIndependentTargetsInParallel = 1;
				LastSwiftUpdateCheck = 1410;
				LastUpgradeCheck = 1410;
				TargetAttributes = {
					7063A41229675968007B8B46 = {
						CreatedOnToolsVersion = 14.1;
					};
				};
			};
			buildConfigurationList = 7063A40E29675968007B8B46 /* Build configuration list for PBXProject "RicknMortyProject" */;
			compatibilityVersion = "Xcode 14.0";
			developmentRegion = en;
			hasScannedForEncodings = 0;
			knownRegions = (
				en,
				Base,
			);
			mainGroup = 7063A40A29675968007B8B46;
			productRefGroup = 7063A41429675968007B8B46 /* Products */;
			projectDirPath = "";
			projectRoot = "";
			targets = (
				7063A41229675968007B8B46 /* RicknMortyProject */,
			);
		};
/* End PBXProject section */

/* Begin PBXResourcesBuildPhase section */
		7063A41129675968007B8B46 /* Resources */ = {
			isa = PBXResourcesBuildPhase;
			buildActionMask = 2147483647;
			files = (
				7063A42629675969007B8B46 /* LaunchScreen.storyboard in Resources */,
				7063A42329675969007B8B46 /* Assets.xcassets in Resources */,
			);
			runOnlyForDeploymentPostprocessing = 0;
		};
/* End PBXResourcesBuildPhase section */

/* Begin PBXSourcesBuildPhase section */
		7063A40F29675968007B8B46 /* Sources */ = {
			isa = PBXSourcesBuildPhase;
			buildActionMask = 2147483647;
			files = (
				7063A43B29675BB1007B8B46 /* RMSettingsViewController.swift in Sources */,
				7063A44129675C05007B8B46 /* Location.swift in Sources */,
				7063A41B29675968007B8B46 /* RMEpisodesViewController.swift in Sources */,
				7063A43729675B94007B8B46 /* RMCharacterViewController.swift in Sources */,
				7063A41729675968007B8B46 /* AppDelegate.swift in Sources */,
				7063A43529675AB1007B8B46 /* RMTabBarController.swift in Sources */,
				7063A43929675BA3007B8B46 /* RMLocationsViewController.swift in Sources */,
				7063A41929675968007B8B46 /* SceneDelegate.swift in Sources */,
				7063A43F29675BFB007B8B46 /* Character.swift in Sources */,
				7063A43D29675BEF007B8B46 /* Episode.swift in Sources */,
				7063A42129675968007B8B46 /* RicknMortyProject.xcdatamodeld in Sources */,
			);
			runOnlyForDeploymentPostprocessing = 0;
		};
/* End PBXSourcesBuildPhase section */

/* Begin PBXVariantGroup section */
		7063A42429675969007B8B46 /* LaunchScreen.storyboard */ = {
			isa = PBXVariantGroup;
			children = (
				7063A42529675969007B8B46 /* Base */,
			);
			name = LaunchScreen.storyboard;
			sourceTree = "<group>";
		};
/* End PBXVariantGroup section */

/* Begin XCBuildConfiguration section */
		7063A42829675969007B8B46 /* Debug */ = {
			isa = XCBuildConfiguration;
			buildSettings = {
				ALWAYS_SEARCH_USER_PATHS = NO;
				CLANG_ANALYZER_NONNULL = YES;
				CLANG_ANALYZER_NUMBER_OBJECT_CONVERSION = YES_AGGRESSIVE;
				CLANG_CXX_LANGUAGE_STANDARD = "gnu++20";
				CLANG_ENABLE_MODULES = YES;
				CLANG_ENABLE_OBJC_ARC = YES;
				CLANG_ENABLE_OBJC_WEAK = YES;
				CLANG_WARN_BLOCK_CAPTURE_AUTORELEASING = YES;
				CLANG_WARN_BOOL_CONVERSION = YES;
				CLANG_WARN_COMMA = YES;
				CLANG_WARN_CONSTANT_CONVERSION = YES;
				CLANG_WARN_DEPRECATED_OBJC_IMPLEMENTATIONS = YES;
				CLANG_WARN_DIRECT_OBJC_ISA_USAGE = YES_ERROR;
				CLANG_WARN_DOCUMENTATION_COMMENTS = YES;
				CLANG_WARN_EMPTY_BODY = YES;
				CLANG_WARN_ENUM_CONVERSION = YES;
				CLANG_WARN_INFINITE_RECURSION = YES;
				CLANG_WARN_INT_CONVERSION = YES;
				CLANG_WARN_NON_LITERAL_NULL_CONVERSION = YES;
				CLANG_WARN_OBJC_IMPLICIT_RETAIN_SELF = YES;
				CLANG_WARN_OBJC_LITERAL_CONVERSION = YES;
				CLANG_WARN_OBJC_ROOT_CLASS = YES_ERROR;
				CLANG_WARN_QUOTED_INCLUDE_IN_FRAMEWORK_HEADER = YES;
				CLANG_WARN_RANGE_LOOP_ANALYSIS = YES;
				CLANG_WARN_STRICT_PROTOTYPES = YES;
				CLANG_WARN_SUSPICIOUS_MOVE = YES;
				CLANG_WARN_UNGUARDED_AVAILABILITY = YES_AGGRESSIVE;
				CLANG_WARN_UNREACHABLE_CODE = YES;
				CLANG_WARN__DUPLICATE_METHOD_MATCH = YES;
				COPY_PHASE_STRIP = NO;
				DEBUG_INFORMATION_FORMAT = dwarf;
				ENABLE_STRICT_OBJC_MSGSEND = YES;
				ENABLE_TESTABILITY = YES;
				GCC_C_LANGUAGE_STANDARD = gnu11;
				GCC_DYNAMIC_NO_PIC = NO;
				GCC_NO_COMMON_BLOCKS = YES;
				GCC_OPTIMIZATION_LEVEL = 0;
				GCC_PREPROCESSOR_DEFINITIONS = (
					"DEBUG=1",
					"$(inherited)",
				);
				GCC_WARN_64_TO_32_BIT_CONVERSION = YES;
				GCC_WARN_ABOUT_RETURN_TYPE = YES_ERROR;
				GCC_WARN_UNDECLARED_SELECTOR = YES;
				GCC_WARN_UNINITIALIZED_AUTOS = YES_AGGRESSIVE;
				GCC_WARN_UNUSED_FUNCTION = YES;
				GCC_WARN_UNUSED_VARIABLE = YES;
				IPHONEOS_DEPLOYMENT_TARGET = 16.1;
				MTL_ENABLE_DEBUG_INFO = INCLUDE_SOURCE;
				MTL_FAST_MATH = YES;
				ONLY_ACTIVE_ARCH = YES;
				SDKROOT = iphoneos;
				SWIFT_ACTIVE_COMPILATION_CONDITIONS = DEBUG;
				SWIFT_OPTIMIZATION_LEVEL = "-Onone";
			};
			name = Debug;
		};
		7063A42929675969007B8B46 /* Release */ = {
			isa = XCBuildConfiguration;
			buildSettings = {
				ALWAYS_SEARCH_USER_PATHS = NO;
				CLANG_ANALYZER_NONNULL = YES;
				CLANG_ANALYZER_NUMBER_OBJECT_CONVERSION = YES_AGGRESSIVE;
				CLANG_CXX_LANGUAGE_STANDARD = "gnu++20";
				CLANG_ENABLE_MODULES = YES;
				CLANG_ENABLE_OBJC_ARC = YES;
				CLANG_ENABLE_OBJC_WEAK = YES;
				CLANG_WARN_BLOCK_CAPTURE_AUTORELEASING = YES;
				CLANG_WARN_BOOL_CONVERSION = YES;
				CLANG_WARN_COMMA = YES;
				CLANG_WARN_CONSTANT_CONVERSION = YES;
				CLANG_WARN_DEPRECATED_OBJC_IMPLEMENTATIONS = YES;
				CLANG_WARN_DIRECT_OBJC_ISA_USAGE = YES_ERROR;
				CLANG_WARN_DOCUMENTATION_COMMENTS = YES;
				CLANG_WARN_EMPTY_BODY = YES;
				CLANG_WARN_ENUM_CONVERSION = YES;
				CLANG_WARN_INFINITE_RECURSION = YES;
				CLANG_WARN_INT_CONVERSION = YES;
				CLANG_WARN_NON_LITERAL_NULL_CONVERSION = YES;
				CLANG_WARN_OBJC_IMPLICIT_RETAIN_SELF = YES;
				CLANG_WARN_OBJC_LITERAL_CONVERSION = YES;
				CLANG_WARN_OBJC_ROOT_CLASS = YES_ERROR;
				CLANG_WARN_QUOTED_INCLUDE_IN_FRAMEWORK_HEADER = YES;
				CLANG_WARN_RANGE_LOOP_ANALYSIS = YES;
				CLANG_WARN_STRICT_PROTOTYPES = YES;
				CLANG_WARN_SUSPICIOUS_MOVE = YES;
				CLANG_WARN_UNGUARDED_AVAILABILITY = YES_AGGRESSIVE;
				CLANG_WARN_UNREACHABLE_CODE = YES;
				CLANG_WARN__DUPLICATE_METHOD_MATCH = YES;
				COPY_PHASE_STRIP = NO;
				DEBUG_INFORMATION_FORMAT = "dwarf-with-dsym";
				ENABLE_NS_ASSERTIONS = NO;
				ENABLE_STRICT_OBJC_MSGSEND = YES;
				GCC_C_LANGUAGE_STANDARD = gnu11;
				GCC_NO_COMMON_BLOCKS = YES;
				GCC_WARN_64_TO_32_BIT_CONVERSION = YES;
				GCC_WARN_ABOUT_RETURN_TYPE = YES_ERROR;
				GCC_WARN_UNDECLARED_SELECTOR = YES;
				GCC_WARN_UNINITIALIZED_AUTOS = YES_AGGRESSIVE;
				GCC_WARN_UNUSED_FUNCTION = YES;
				GCC_WARN_UNUSED_VARIABLE = YES;
				IPHONEOS_DEPLOYMENT_TARGET = 16.1;
				MTL_ENABLE_DEBUG_INFO = NO;
				MTL_FAST_MATH = YES;
				SDKROOT = iphoneos;
				SWIFT_COMPILATION_MODE = wholemodule;
				SWIFT_OPTIMIZATION_LEVEL = "-O";
				VALIDATE_PRODUCT = YES;
			};
			name = Release;
		};
		7063A42B29675969007B8B46 /* Debug */ = {
			isa = XCBuildConfiguration;
			buildSettings = {
				ASSETCATALOG_COMPILER_APPICON_NAME = AppIcon;
				ASSETCATALOG_COMPILER_GLOBAL_ACCENT_COLOR_NAME = AccentColor;
				CODE_SIGN_STYLE = Automatic;
				CURRENT_PROJECT_VERSION = 1;
				GENERATE_INFOPLIST_FILE = YES;
				INFOPLIST_FILE = RicknMortyProject/Info.plist;
				INFOPLIST_KEY_UIApplicationSupportsIndirectInputEvents = YES;
				INFOPLIST_KEY_UILaunchStoryboardName = LaunchScreen;
				INFOPLIST_KEY_UISupportedInterfaceOrientations_iPad = "UIInterfaceOrientationPortrait UIInterfaceOrientationPortraitUpsideDown UIInterfaceOrientationLandscapeLeft UIInterfaceOrientationLandscapeRight";
				INFOPLIST_KEY_UISupportedInterfaceOrientations_iPhone = "UIInterfaceOrientationPortrait UIInterfaceOrientationLandscapeLeft UIInterfaceOrientationLandscapeRight";
				LD_RUNPATH_SEARCH_PATHS = (
					"$(inherited)",
					"@executable_path/Frameworks",
				);
				MARKETING_VERSION = 1.0;
				PRODUCT_BUNDLE_IDENTIFIER = justChat.RicknMortyProject;
				PRODUCT_NAME = "$(TARGET_NAME)";
				SWIFT_EMIT_LOC_STRINGS = YES;
				SWIFT_VERSION = 5.0;
				TARGETED_DEVICE_FAMILY = "1,2";
			};
			name = Debug;
		};
		7063A42C29675969007B8B46 /* Release */ = {
			isa = XCBuildConfiguration;
			buildSettings = {
				ASSETCATALOG_COMPILER_APPICON_NAME = AppIcon;
				ASSETCATALOG_COMPILER_GLOBAL_ACCENT_COLOR_NAME = AccentColor;
				CODE_SIGN_STYLE = Automatic;
				CURRENT_PROJECT_VERSION = 1;
				GENERATE_INFOPLIST_FILE = YES;
				INFOPLIST_FILE = RicknMortyProject/Info.plist;
				INFOPLIST_KEY_UIApplicationSupportsIndirectInputEvents = YES;
				INFOPLIST_KEY_UILaunchStoryboardName = LaunchScreen;
				INFOPLIST_KEY_UISupportedInterfaceOrientations_iPad = "UIInterfaceOrientationPortrait UIInterfaceOrientationPortraitUpsideDown UIInterfaceOrientationLandscapeLeft UIInterfaceOrientationLandscapeRight";
				INFOPLIST_KEY_UISupportedInterfaceOrientations_iPhone = "UIInterfaceOrientationPortrait UIInterfaceOrientationLandscapeLeft UIInterfaceOrientationLandscapeRight";
				LD_RUNPATH_SEARCH_PATHS = (
					"$(inherited)",
					"@executable_path/Frameworks",
				);
				MARKETING_VERSION = 1.0;
				PRODUCT_BUNDLE_IDENTIFIER = justChat.RicknMortyProject;
				PRODUCT_NAME = "$(TARGET_NAME)";
				SWIFT_EMIT_LOC_STRINGS = YES;
				SWIFT_VERSION = 5.0;
				TARGETED_DEVICE_FAMILY = "1,2";
			};
			name = Release;
		};
/* End XCBuildConfiguration section */

/* Begin XCConfigurationList section */
		7063A40E29675968007B8B46 /* Build configuration list for PBXProject "RicknMortyProject" */ = {
			isa = XCConfigurationList;
			buildConfigurations = (
				7063A42829675969007B8B46 /* Debug */,
				7063A42929675969007B8B46 /* Release */,
			);
			defaultConfigurationIsVisible = 0;
			defaultConfigurationName = Release;
		};
		7063A42A29675969007B8B46 /* Build configuration list for PBXNativeTarget "RicknMortyProject" */ = {
			isa = XCConfigurationList;
			buildConfigurations = (
				7063A42B29675969007B8B46 /* Debug */,
				7063A42C29675969007B8B46 /* Release */,
			);
			defaultConfigurationIsVisible = 0;
			defaultConfigurationName = Release;
		};
/* End XCConfigurationList section */

/* Begin XCVersionGroup section */
		7063A41F29675968007B8B46 /* RicknMortyProject.xcdatamodeld */ = {
			isa = XCVersionGroup;
			children = (
				7063A42029675968007B8B46 /* RicknMortyProject.xcdatamodel */,
			);
			currentVersion = 7063A42029675968007B8B46 /* RicknMortyProject.xcdatamodel */;
			path = RicknMortyProject.xcdatamodeld;
			sourceTree = "<group>";
			versionGroupType = wrapper.xcdatamodel;
		};
/* End XCVersionGroup section */
	};
	rootObject = 7063A40B29675968007B8B46 /* Project object */;
}
